
Microsoft Visual Studio Solution File, Format Version 12.00
# Visual Studio Version 16
VisualStudioVersion = 16.0.30717.126
MinimumVisualStudioVersion = 10.0.40219.1
Project("{9A19103F-16F7-4668-BE54-9A1E7A4F7556}") = "AdventOfCode", "AdventOfCode\AdventOfCode.csproj", "{3745DA0B-2A4D-44EC-82A2-9CDCCC38C260}"
EndProject
Project("{FAE04EC0-301F-11D3-BF4B-00C04F79EFBC}") = "AdventOfCode.Tests", "AdventOfCode.Tests\AdventOfCode.Tests.csproj", "{94E464E2-A876-471E-9418-86D76676D773}"
EndProject
Global
	GlobalSection(SolutionConfigurationPlatforms) = preSolution
		Debug|Any CPU = Debug|Any CPU
		Release|Any CPU = Release|Any CPU
	EndGlobalSection
	GlobalSection(ProjectConfigurationPlatforms) = postSolution
		{3745DA0B-2A4D-44EC-82A2-9CDCCC38C260}.Debug|Any CPU.ActiveCfg = Debug|Any CPU
		{3745DA0B-2A4D-44EC-82A2-9CDCCC38C260}.Debug|Any CPU.Build.0 = Debug|Any CPU
		{3745DA0B-2A4D-44EC-82A2-9CDCCC38C260}.Release|Any CPU.ActiveCfg = Release|Any CPU
		{3745DA0B-2A4D-44EC-82A2-9CDCCC38C260}.Release|Any CPU.Build.0 = Release|Any CPU
		{94E464E2-A876-471E-9418-86D76676D773}.Debug|Any CPU.ActiveCfg = Debug|Any CPU
		{94E464E2-A876-471E-9418-86D76676D773}.Debug|Any CPU.Build.0 = Debug|Any CPU
		{94E464E2-A876-471E-9418-86D76676D773}.Release|Any CPU.ActiveCfg = Release|Any CPU
		{94E464E2-A876-471E-9418-86D76676D773}.Release|Any CPU.Build.0 = Release|Any CPU
	EndGlobalSection
	GlobalSection(SolutionProperties) = preSolution
		HideSolutionNode = FALSE
	EndGlobalSection
	GlobalSection(ExtensibilityGlobals) = postSolution
		SolutionGuid = {6CF6C1DC-345A-4EEA-B494-1E21803A7703}
	EndGlobalSection
EndGlobal
